// !$*UTF8*$!
{
	archiveVersion = 1;
	classes = {
	};
	objectVersion = 46;
	objects = {

/* Begin PBXBuildFile section */
		D53CC7D117118C12A3480CA7 /* Pods_DouYUZB.framework in Frameworks */ = {isa = PBXBuildFile; fileRef = 49594B01C63B13BB4154A735 /* Pods_DouYUZB.framework */; };
		DE29CEDD20C0380E000C4CAF /* Home.storyboard in Resources */ = {isa = PBXBuildFile; fileRef = DE29CEDC20C0380E000C4CAF /* Home.storyboard */; };
		DE29CEDF20C03843000C4CAF /* Live.storyboard in Resources */ = {isa = PBXBuildFile; fileRef = DE29CEDE20C03843000C4CAF /* Live.storyboard */; };
		DE29CEE120C0385D000C4CAF /* Follow.storyboard in Resources */ = {isa = PBXBuildFile; fileRef = DE29CEE020C0385D000C4CAF /* Follow.storyboard */; };
		DE29CEE320C03877000C4CAF /* Profile.storyboard in Resources */ = {isa = PBXBuildFile; fileRef = DE29CEE220C03877000C4CAF /* Profile.storyboard */; };
		DE29CEE520C03BBF000C4CAF /* MainViewController.swift in Sources */ = {isa = PBXBuildFile; fileRef = DE29CEE420C03BBF000C4CAF /* MainViewController.swift */; };
		DE29CEFD20C05533000C4CAF /* HomeViewController.swift in Sources */ = {isa = PBXBuildFile; fileRef = DE29CEFC20C05533000C4CAF /* HomeViewController.swift */; };
		DE29CF0020C059B0000C4CAF /* UIBarButtonItem-Extentsion.swift in Sources */ = {isa = PBXBuildFile; fileRef = DE29CEFF20C059B0000C4CAF /* UIBarButtonItem-Extentsion.swift */; };
		DE29CF0220C3BE8A000C4CAF /* PageTitleView.swift in Sources */ = {isa = PBXBuildFile; fileRef = DE29CF0120C3BE8A000C4CAF /* PageTitleView.swift */; };
		DE29CF0420C3BFCB000C4CAF /* Common.swift in Sources */ = {isa = PBXBuildFile; fileRef = DE29CF0320C3BFCB000C4CAF /* Common.swift */; };
		DE29CF0620C43433000C4CAF /* PageContentView.swift in Sources */ = {isa = PBXBuildFile; fileRef = DE29CF0520C43433000C4CAF /* PageContentView.swift */; };
		DE29CF0820C43B2F000C4CAF /* UIColor-Extension.swift in Sources */ = {isa = PBXBuildFile; fileRef = DE29CF0720C43B2F000C4CAF /* UIColor-Extension.swift */; };
		DE29CF0A20D77ADB000C4CAF /* RecommendViewController.swift in Sources */ = {isa = PBXBuildFile; fileRef = DE29CF0920D77ADB000C4CAF /* RecommendViewController.swift */; };
		DE29CF0D20DBF18C000C4CAF /* HomeCollectionHeaderView.swift in Sources */ = {isa = PBXBuildFile; fileRef = DE29CF0B20DBF18C000C4CAF /* HomeCollectionHeaderView.swift */; };
		DE29CF0E20DBF18C000C4CAF /* HomeCollectionHeaderView.xib in Resources */ = {isa = PBXBuildFile; fileRef = DE29CF0C20DBF18C000C4CAF /* HomeCollectionHeaderView.xib */; };
		DE29CF1120DBFEA8000C4CAF /* HomeCollectionNormalCell.swift in Sources */ = {isa = PBXBuildFile; fileRef = DE29CF0F20DBFEA8000C4CAF /* HomeCollectionNormalCell.swift */; };
		DE29CF1220DBFEA8000C4CAF /* HomeCollectionNormalCell.xib in Resources */ = {isa = PBXBuildFile; fileRef = DE29CF1020DBFEA8000C4CAF /* HomeCollectionNormalCell.xib */; };
		DE29CF1520DFDDC3000C4CAF /* HomeCollectionViewPrettyCell.swift in Sources */ = {isa = PBXBuildFile; fileRef = DE29CF1320DFDDC3000C4CAF /* HomeCollectionViewPrettyCell.swift */; };
		DE29CF1620DFDDC3000C4CAF /* HomeCollectionViewPrettyCell.xib in Resources */ = {isa = PBXBuildFile; fileRef = DE29CF1420DFDDC3000C4CAF /* HomeCollectionViewPrettyCell.xib */; };
		DE29CF1820E52C90000C4CAF /* NetworkUtils.swift in Sources */ = {isa = PBXBuildFile; fileRef = DE29CF1720E52C90000C4CAF /* NetworkUtils.swift */; };
		DE29CF1B20E539BA000C4CAF /* RecommendViewModel.swift in Sources */ = {isa = PBXBuildFile; fileRef = DE29CF1A20E539BA000C4CAF /* RecommendViewModel.swift */; };
		DE29CF1D20E72CF2000C4CAF /* AnchorModel.swift in Sources */ = {isa = PBXBuildFile; fileRef = DE29CF1C20E72CF2000C4CAF /* AnchorModel.swift */; };
		DE29CF1F20E72F9E000C4CAF /* AnchorGroup.swift in Sources */ = {isa = PBXBuildFile; fileRef = DE29CF1E20E72F9E000C4CAF /* AnchorGroup.swift */; };
		DE29CF2120E7328D000C4CAF /* NSDate-Extension.swift in Sources */ = {isa = PBXBuildFile; fileRef = DE29CF2020E7328D000C4CAF /* NSDate-Extension.swift */; };
		DE29CF2320E8AFB9000C4CAF /* RecommendCycleView.swift in Sources */ = {isa = PBXBuildFile; fileRef = DE29CF2220E8AFB9000C4CAF /* RecommendCycleView.swift */; };
		DE29CF2520E8B025000C4CAF /* RecommendCycleView.xib in Resources */ = {isa = PBXBuildFile; fileRef = DE29CF2420E8B025000C4CAF /* RecommendCycleView.xib */; };
		DE29CF2720E8C4D5000C4CAF /* CycleModel.swift in Sources */ = {isa = PBXBuildFile; fileRef = DE29CF2620E8C4D5000C4CAF /* CycleModel.swift */; };
		DE29CF2A20E8CEE1000C4CAF /* CycleCollectionCell.swift in Sources */ = {isa = PBXBuildFile; fileRef = DE29CF2820E8CEE1000C4CAF /* CycleCollectionCell.swift */; };
		DE29CF2B20E8CEE1000C4CAF /* CycleCollectionCell.xib in Resources */ = {isa = PBXBuildFile; fileRef = DE29CF2920E8CEE1000C4CAF /* CycleCollectionCell.xib */; };
		DEC0482F20B1C7870011FDF1 /* AppDelegate.swift in Sources */ = {isa = PBXBuildFile; fileRef = DEC0482E20B1C7870011FDF1 /* AppDelegate.swift */; };
		DEC0483420B1C7870011FDF1 /* Main.storyboard in Resources */ = {isa = PBXBuildFile; fileRef = DEC0483220B1C7870011FDF1 /* Main.storyboard */; };
		DEC0483620B1C7870011FDF1 /* Assets.xcassets in Resources */ = {isa = PBXBuildFile; fileRef = DEC0483520B1C7870011FDF1 /* Assets.xcassets */; };
		DEC0483920B1C7870011FDF1 /* LaunchScreen.storyboard in Resources */ = {isa = PBXBuildFile; fileRef = DEC0483720B1C7870011FDF1 /* LaunchScreen.storyboard */; };
/* End PBXBuildFile section */

/* Begin PBXFileReference section */
		2731EB0FA739CF91BE6429F9 /* Pods-DouYUZB.release.xcconfig */ = {isa = PBXFileReference; includeInIndex = 1; lastKnownFileType = text.xcconfig; name = "Pods-DouYUZB.release.xcconfig"; path = "Pods/Target Support Files/Pods-DouYUZB/Pods-DouYUZB.release.xcconfig"; sourceTree = "<group>"; };
		49594B01C63B13BB4154A735 /* Pods_DouYUZB.framework */ = {isa = PBXFileReference; explicitFileType = wrapper.framework; includeInIndex = 0; path = Pods_DouYUZB.framework; sourceTree = BUILT_PRODUCTS_DIR; };
		81B5592A2D366ADE36DD9174 /* Pods-DouYUZB.debug.xcconfig */ = {isa = PBXFileReference; includeInIndex = 1; lastKnownFileType = text.xcconfig; name = "Pods-DouYUZB.debug.xcconfig"; path = "Pods/Target Support Files/Pods-DouYUZB/Pods-DouYUZB.debug.xcconfig"; sourceTree = "<group>"; };
		DE29CEDC20C0380E000C4CAF /* Home.storyboard */ = {isa = PBXFileReference; fileEncoding = 4; lastKnownFileType = file.storyboard; path = Home.storyboard; sourceTree = "<group>"; };
		DE29CEDE20C03843000C4CAF /* Live.storyboard */ = {isa = PBXFileReference; fileEncoding = 4; lastKnownFileType = file.storyboard; path = Live.storyboard; sourceTree = "<group>"; };
		DE29CEE020C0385D000C4CAF /* Follow.storyboard */ = {isa = PBXFileReference; fileEncoding = 4; lastKnownFileType = file.storyboard; path = Follow.storyboard; sourceTree = "<group>"; };
		DE29CEE220C03877000C4CAF /* Profile.storyboard */ = {isa = PBXFileReference; fileEncoding = 4; lastKnownFileType = file.storyboard; path = Profile.storyboard; sourceTree = "<group>"; };
		DE29CEE420C03BBF000C4CAF /* MainViewController.swift */ = {isa = PBXFileReference; lastKnownFileType = sourcecode.swift; path = MainViewController.swift; sourceTree = "<group>"; };
		DE29CEFC20C05533000C4CAF /* HomeViewController.swift */ = {isa = PBXFileReference; lastKnownFileType = sourcecode.swift; path = HomeViewController.swift; sourceTree = "<group>"; };
		DE29CEFF20C059B0000C4CAF /* UIBarButtonItem-Extentsion.swift */ = {isa = PBXFileReference; lastKnownFileType = sourcecode.swift; path = "UIBarButtonItem-Extentsion.swift"; sourceTree = "<group>"; };
		DE29CF0120C3BE8A000C4CAF /* PageTitleView.swift */ = {isa = PBXFileReference; lastKnownFileType = sourcecode.swift; path = PageTitleView.swift; sourceTree = "<group>"; };
		DE29CF0320C3BFCB000C4CAF /* Common.swift */ = {isa = PBXFileReference; lastKnownFileType = sourcecode.swift; path = Common.swift; sourceTree = "<group>"; };
		DE29CF0520C43433000C4CAF /* PageContentView.swift */ = {isa = PBXFileReference; lastKnownFileType = sourcecode.swift; path = PageContentView.swift; sourceTree = "<group>"; };
		DE29CF0720C43B2F000C4CAF /* UIColor-Extension.swift */ = {isa = PBXFileReference; lastKnownFileType = sourcecode.swift; path = "UIColor-Extension.swift"; sourceTree = "<group>"; };
		DE29CF0920D77ADB000C4CAF /* RecommendViewController.swift */ = {isa = PBXFileReference; lastKnownFileType = sourcecode.swift; path = RecommendViewController.swift; sourceTree = "<group>"; };
		DE29CF0B20DBF18C000C4CAF /* HomeCollectionHeaderView.swift */ = {isa = PBXFileReference; lastKnownFileType = sourcecode.swift; path = HomeCollectionHeaderView.swift; sourceTree = "<group>"; };
		DE29CF0C20DBF18C000C4CAF /* HomeCollectionHeaderView.xib */ = {isa = PBXFileReference; lastKnownFileType = file.xib; path = HomeCollectionHeaderView.xib; sourceTree = "<group>"; };
		DE29CF0F20DBFEA8000C4CAF /* HomeCollectionNormalCell.swift */ = {isa = PBXFileReference; lastKnownFileType = sourcecode.swift; path = HomeCollectionNormalCell.swift; sourceTree = "<group>"; };
		DE29CF1020DBFEA8000C4CAF /* HomeCollectionNormalCell.xib */ = {isa = PBXFileReference; lastKnownFileType = file.xib; path = HomeCollectionNormalCell.xib; sourceTree = "<group>"; };
		DE29CF1320DFDDC3000C4CAF /* HomeCollectionViewPrettyCell.swift */ = {isa = PBXFileReference; lastKnownFileType = sourcecode.swift; path = HomeCollectionViewPrettyCell.swift; sourceTree = "<group>"; };
		DE29CF1420DFDDC3000C4CAF /* HomeCollectionViewPrettyCell.xib */ = {isa = PBXFileReference; lastKnownFileType = file.xib; path = HomeCollectionViewPrettyCell.xib; sourceTree = "<group>"; };
		DE29CF1720E52C90000C4CAF /* NetworkUtils.swift */ = {isa = PBXFileReference; lastKnownFileType = sourcecode.swift; path = NetworkUtils.swift; sourceTree = "<group>"; };
		DE29CF1A20E539BA000C4CAF /* RecommendViewModel.swift */ = {isa = PBXFileReference; lastKnownFileType = sourcecode.swift; path = RecommendViewModel.swift; sourceTree = "<group>"; };
		DE29CF1C20E72CF2000C4CAF /* AnchorModel.swift */ = {isa = PBXFileReference; lastKnownFileType = sourcecode.swift; path = AnchorModel.swift; sourceTree = "<group>"; };
		DE29CF1E20E72F9E000C4CAF /* AnchorGroup.swift */ = {isa = PBXFileReference; lastKnownFileType = sourcecode.swift; path = AnchorGroup.swift; sourceTree = "<group>"; };
		DE29CF2020E7328D000C4CAF /* NSDate-Extension.swift */ = {isa = PBXFileReference; lastKnownFileType = sourcecode.swift; path = "NSDate-Extension.swift"; sourceTree = "<group>"; };
		DE29CF2220E8AFB9000C4CAF /* RecommendCycleView.swift */ = {isa = PBXFileReference; lastKnownFileType = sourcecode.swift; path = RecommendCycleView.swift; sourceTree = "<group>"; };
		DE29CF2420E8B025000C4CAF /* RecommendCycleView.xib */ = {isa = PBXFileReference; lastKnownFileType = file.xib; path = RecommendCycleView.xib; sourceTree = "<group>"; };
		DE29CF2620E8C4D5000C4CAF /* CycleModel.swift */ = {isa = PBXFileReference; lastKnownFileType = sourcecode.swift; path = CycleModel.swift; sourceTree = "<group>"; };
		DE29CF2820E8CEE1000C4CAF /* CycleCollectionCell.swift */ = {isa = PBXFileReference; lastKnownFileType = sourcecode.swift; path = CycleCollectionCell.swift; sourceTree = "<group>"; };
		DE29CF2920E8CEE1000C4CAF /* CycleCollectionCell.xib */ = {isa = PBXFileReference; lastKnownFileType = file.xib; path = CycleCollectionCell.xib; sourceTree = "<group>"; };
		DEC0482B20B1C7870011FDF1 /* DouYUZB.app */ = {isa = PBXFileReference; explicitFileType = wrapper.application; includeInIndex = 0; path = DouYUZB.app; sourceTree = BUILT_PRODUCTS_DIR; };
		DEC0482E20B1C7870011FDF1 /* AppDelegate.swift */ = {isa = PBXFileReference; lastKnownFileType = sourcecode.swift; path = AppDelegate.swift; sourceTree = "<group>"; };
		DEC0483320B1C7870011FDF1 /* Base */ = {isa = PBXFileReference; lastKnownFileType = file.storyboard; name = Base; path = Base.lproj/Main.storyboard; sourceTree = "<group>"; };
		DEC0483520B1C7870011FDF1 /* Assets.xcassets */ = {isa = PBXFileReference; lastKnownFileType = folder.assetcatalog; path = Assets.xcassets; sourceTree = "<group>"; };
		DEC0483820B1C7870011FDF1 /* Base */ = {isa = PBXFileReference; lastKnownFileType = file.storyboard; name = Base; path = Base.lproj/LaunchScreen.storyboard; sourceTree = "<group>"; };
		DEC0483A20B1C7870011FDF1 /* Info.plist */ = {isa = PBXFileReference; lastKnownFileType = text.plist.xml; path = Info.plist; sourceTree = "<group>"; };
/* End PBXFileReference section */

/* Begin PBXFrameworksBuildPhase section */
		DEC0482820B1C7870011FDF1 /* Frameworks */ = {
			isa = PBXFrameworksBuildPhase;
			buildActionMask = 2147483647;
			files = (
				D53CC7D117118C12A3480CA7 /* Pods_DouYUZB.framework in Frameworks */,
			);
			runOnlyForDeploymentPostprocessing = 0;
		};
/* End PBXFrameworksBuildPhase section */

/* Begin PBXGroup section */
		2F4E3DEAAC12620624353003 /* Frameworks */ = {
			isa = PBXGroup;
			children = (
				49594B01C63B13BB4154A735 /* Pods_DouYUZB.framework */,
			);
			name = Frameworks;
			sourceTree = "<group>";
		};
		5B966FE1D171A2BFBD89E021 /* Pods */ = {
			isa = PBXGroup;
			children = (
				81B5592A2D366ADE36DD9174 /* Pods-DouYUZB.debug.xcconfig */,
				2731EB0FA739CF91BE6429F9 /* Pods-DouYUZB.release.xcconfig */,
			);
			name = Pods;
			sourceTree = "<group>";
		};
		DE29CECB20BEF705000C4CAF /* Classes */ = {
			isa = PBXGroup;
			children = (
				DE29CED120BEF705000C4CAF /* Main */,
				DE29CECC20BEF705000C4CAF /* Home */,
				DE29CED020BEF705000C4CAF /* Live */,
				DE29CECE20BEF705000C4CAF /* Follow */,
				DE29CECF20BEF705000C4CAF /* Profile */,
				DE29CECD20BEF705000C4CAF /* Tools */,
			);
			path = Classes;
			sourceTree = "<group>";
		};
		DE29CECC20BEF705000C4CAF /* Home */ = {
			isa = PBXGroup;
			children = (
				DE29CF1920E539A1000C4CAF /* ViewModel */,
				DE29CEED20C05442000C4CAF /* Controller */,
				DE29CEEF20C05442000C4CAF /* Model */,
				DE29CEEE20C05442000C4CAF /* View */,
			);
			path = Home;
			sourceTree = "<group>";
		};
		DE29CECD20BEF705000C4CAF /* Tools */ = {
			isa = PBXGroup;
			children = (
				DE29CEFE20C0594B000C4CAF /* Extension */,
				DE29CF0320C3BFCB000C4CAF /* Common.swift */,
				DE29CF1720E52C90000C4CAF /* NetworkUtils.swift */,
			);
			path = Tools;
			sourceTree = "<group>";
		};
		DE29CECE20BEF705000C4CAF /* Follow */ = {
			isa = PBXGroup;
			children = (
				DE29CEF720C054D2000C4CAF /* Controller */,
				DE29CEF620C054D2000C4CAF /* Model */,
				DE29CEF820C054D2000C4CAF /* View */,
			);
			path = Follow;
			sourceTree = "<group>";
		};
		DE29CECF20BEF705000C4CAF /* Profile */ = {
			isa = PBXGroup;
			children = (
				DE29CEFA20C05501000C4CAF /* Controller */,
				DE29CEF920C05501000C4CAF /* Model */,
				DE29CEFB20C05501000C4CAF /* View */,
			);
			path = Profile;
			sourceTree = "<group>";
		};
		DE29CED020BEF705000C4CAF /* Live */ = {
			isa = PBXGroup;
			children = (
				DE29CEF220C0545A000C4CAF /* Controller */,
				DE29CEF120C0545A000C4CAF /* Model */,
				DE29CEF020C0545A000C4CAF /* View */,
			);
			path = Live;
			sourceTree = "<group>";
		};
		DE29CED120BEF705000C4CAF /* Main */ = {
			isa = PBXGroup;
			children = (
				DE29CEEB20C053F1000C4CAF /* Model */,
				DE29CEEA20C053F1000C4CAF /* View */,
				DE29CEEC20C053F1000C4CAF /* Controller */,
			);
			path = Main;
			sourceTree = "<group>";
		};
		DE29CEEA20C053F1000C4CAF /* View */ = {
			isa = PBXGroup;
			children = (
				DE29CF0120C3BE8A000C4CAF /* PageTitleView.swift */,
				DE29CF0520C43433000C4CAF /* PageContentView.swift */,
				DE29CF0B20DBF18C000C4CAF /* HomeCollectionHeaderView.swift */,
				DE29CF0C20DBF18C000C4CAF /* HomeCollectionHeaderView.xib */,
				DE29CF0F20DBFEA8000C4CAF /* HomeCollectionNormalCell.swift */,
				DE29CF1020DBFEA8000C4CAF /* HomeCollectionNormalCell.xib */,
				DE29CF1320DFDDC3000C4CAF /* HomeCollectionViewPrettyCell.swift */,
				DE29CF1420DFDDC3000C4CAF /* HomeCollectionViewPrettyCell.xib */,
			);
			path = View;
			sourceTree = "<group>";
		};
		DE29CEEB20C053F1000C4CAF /* Model */ = {
			isa = PBXGroup;
			children = (
				DE29CF1C20E72CF2000C4CAF /* AnchorModel.swift */,
				DE29CF1E20E72F9E000C4CAF /* AnchorGroup.swift */,
			);
			path = Model;
			sourceTree = "<group>";
		};
		DE29CEEC20C053F1000C4CAF /* Controller */ = {
			isa = PBXGroup;
			children = (
				DEC0483220B1C7870011FDF1 /* Main.storyboard */,
				DE29CEE420C03BBF000C4CAF /* MainViewController.swift */,
			);
			path = Controller;
			sourceTree = "<group>";
		};
		DE29CEED20C05442000C4CAF /* Controller */ = {
			isa = PBXGroup;
			children = (
				DE29CEDC20C0380E000C4CAF /* Home.storyboard */,
				DE29CEFC20C05533000C4CAF /* HomeViewController.swift */,
				DE29CF0920D77ADB000C4CAF /* RecommendViewController.swift */,
			);
			path = Controller;
			sourceTree = "<group>";
		};
		DE29CEEE20C05442000C4CAF /* View */ = {
			isa = PBXGroup;
			children = (
				DE29CF2220E8AFB9000C4CAF /* RecommendCycleView.swift */,
				DE29CF2420E8B025000C4CAF /* RecommendCycleView.xib */,
				DE29CF2820E8CEE1000C4CAF /* CycleCollectionCell.swift */,
				DE29CF2920E8CEE1000C4CAF /* CycleCollectionCell.xib */,
			);
			path = View;
			sourceTree = "<group>";
		};
		DE29CEEF20C05442000C4CAF /* Model */ = {
			isa = PBXGroup;
			children = (
				DE29CF2620E8C4D5000C4CAF /* CycleModel.swift */,
			);
			path = Model;
			sourceTree = "<group>";
		};
		DE29CEF020C0545A000C4CAF /* View */ = {
			isa = PBXGroup;
			children = (
			);
			path = View;
			sourceTree = "<group>";
		};
		DE29CEF120C0545A000C4CAF /* Model */ = {
			isa = PBXGroup;
			children = (
			);
			path = Model;
			sourceTree = "<group>";
		};
		DE29CEF220C0545A000C4CAF /* Controller */ = {
			isa = PBXGroup;
			children = (
				DE29CEDE20C03843000C4CAF /* Live.storyboard */,
			);
			path = Controller;
			sourceTree = "<group>";
		};
		DE29CEF620C054D2000C4CAF /* Model */ = {
			isa = PBXGroup;
			children = (
			);
			path = Model;
			sourceTree = "<group>";
		};
		DE29CEF720C054D2000C4CAF /* Controller */ = {
			isa = PBXGroup;
			children = (
				DE29CEE020C0385D000C4CAF /* Follow.storyboard */,
			);
			path = Controller;
			sourceTree = "<group>";
		};
		DE29CEF820C054D2000C4CAF /* View */ = {
			isa = PBXGroup;
			children = (
			);
			path = View;
			sourceTree = "<group>";
		};
		DE29CEF920C05501000C4CAF /* Model */ = {
			isa = PBXGroup;
			children = (
			);
			path = Model;
			sourceTree = "<group>";
		};
		DE29CEFA20C05501000C4CAF /* Controller */ = {
			isa = PBXGroup;
			children = (
				DE29CEE220C03877000C4CAF /* Profile.storyboard */,
			);
			path = Controller;
			sourceTree = "<group>";
		};
		DE29CEFB20C05501000C4CAF /* View */ = {
			isa = PBXGroup;
			children = (
			);
			path = View;
			sourceTree = "<group>";
		};
		DE29CEFE20C0594B000C4CAF /* Extension */ = {
			isa = PBXGroup;
			children = (
				DE29CEFF20C059B0000C4CAF /* UIBarButtonItem-Extentsion.swift */,
				DE29CF0720C43B2F000C4CAF /* UIColor-Extension.swift */,
				DE29CF2020E7328D000C4CAF /* NSDate-Extension.swift */,
			);
			path = Extension;
			sourceTree = "<group>";
		};
		DE29CF1920E539A1000C4CAF /* ViewModel */ = {
			isa = PBXGroup;
			children = (
				DE29CF1A20E539BA000C4CAF /* RecommendViewModel.swift */,
			);
			path = ViewModel;
			sourceTree = "<group>";
		};
		DEC0482220B1C7870011FDF1 = {
			isa = PBXGroup;
			children = (
				DEC0482D20B1C7870011FDF1 /* DouYUZB */,
				DEC0482C20B1C7870011FDF1 /* Products */,
				5B966FE1D171A2BFBD89E021 /* Pods */,
				2F4E3DEAAC12620624353003 /* Frameworks */,
			);
			sourceTree = "<group>";
		};
		DEC0482C20B1C7870011FDF1 /* Products */ = {
			isa = PBXGroup;
			children = (
				DEC0482B20B1C7870011FDF1 /* DouYUZB.app */,
			);
			name = Products;
			sourceTree = "<group>";
		};
		DEC0482D20B1C7870011FDF1 /* DouYUZB */ = {
			isa = PBXGroup;
			children = (
				DE29CECB20BEF705000C4CAF /* Classes */,
				DEC0482E20B1C7870011FDF1 /* AppDelegate.swift */,
				DEC0483520B1C7870011FDF1 /* Assets.xcassets */,
				DEC0483720B1C7870011FDF1 /* LaunchScreen.storyboard */,
				DEC0483A20B1C7870011FDF1 /* Info.plist */,
			);
			path = DouYUZB;
			sourceTree = "<group>";
		};
/* End PBXGroup section */

/* Begin PBXNativeTarget section */
		DEC0482A20B1C7870011FDF1 /* DouYUZB */ = {
			isa = PBXNativeTarget;
			buildConfigurationList = DEC0483D20B1C7870011FDF1 /* Build configuration list for PBXNativeTarget "DouYUZB" */;
			buildPhases = (
				2C8252B78BB8060801ED6BE5 /* [CP] Check Pods Manifest.lock */,
				DEC0482720B1C7870011FDF1 /* Sources */,
				DEC0482820B1C7870011FDF1 /* Frameworks */,
				DEC0482920B1C7870011FDF1 /* Resources */,
				F302C6E6A8876FF8ECDB9055 /* [CP] Embed Pods Frameworks */,
			);
			buildRules = (
			);
			dependencies = (
			);
			name = DouYUZB;
			productName = DouYUZB;
			productReference = DEC0482B20B1C7870011FDF1 /* DouYUZB.app */;
			productType = "com.apple.product-type.application";
		};
/* End PBXNativeTarget section */

/* Begin PBXProject section */
		DEC0482320B1C7870011FDF1 /* Project object */ = {
			isa = PBXProject;
			attributes = {
				LastSwiftUpdateCheck = 0830;
				LastUpgradeCheck = 0930;
				ORGANIZATIONNAME = mxm;
				TargetAttributes = {
					DEC0482A20B1C7870011FDF1 = {
						CreatedOnToolsVersion = 8.3.2;
						LastSwiftMigration = 0930;
						ProvisioningStyle = Automatic;
					};
				};
			};
			buildConfigurationList = DEC0482620B1C7870011FDF1 /* Build configuration list for PBXProject "DouYUZB" */;
			compatibilityVersion = "Xcode 3.2";
			developmentRegion = English;
			hasScannedForEncodings = 0;
			knownRegions = (
				en,
				Base,
			);
			mainGroup = DEC0482220B1C7870011FDF1;
			productRefGroup = DEC0482C20B1C7870011FDF1 /* Products */;
			projectDirPath = "";
			projectRoot = "";
			targets = (
				DEC0482A20B1C7870011FDF1 /* DouYUZB */,
			);
		};
/* End PBXProject section */

/* Begin PBXResourcesBuildPhase section */
		DEC0482920B1C7870011FDF1 /* Resources */ = {
			isa = PBXResourcesBuildPhase;
			buildActionMask = 2147483647;
			files = (
				DEC0483920B1C7870011FDF1 /* LaunchScreen.storyboard in Resources */,
				DEC0483620B1C7870011FDF1 /* Assets.xcassets in Resources */,
				DE29CF1620DFDDC3000C4CAF /* HomeCollectionViewPrettyCell.xib in Resources */,
				DEC0483420B1C7870011FDF1 /* Main.storyboard in Resources */,
				DE29CEDF20C03843000C4CAF /* Live.storyboard in Resources */,
				DE29CEDD20C0380E000C4CAF /* Home.storyboard in Resources */,
				DE29CEE320C03877000C4CAF /* Profile.storyboard in Resources */,
				DE29CF2520E8B025000C4CAF /* RecommendCycleView.xib in Resources */,
				DE29CF2B20E8CEE1000C4CAF /* CycleCollectionCell.xib in Resources */,
				DE29CF0E20DBF18C000C4CAF /* HomeCollectionHeaderView.xib in Resources */,
				DE29CEE120C0385D000C4CAF /* Follow.storyboard in Resources */,
				DE29CF1220DBFEA8000C4CAF /* HomeCollectionNormalCell.xib in Resources */,
			);
			runOnlyForDeploymentPostprocessing = 0;
		};
/* End PBXResourcesBuildPhase section */

/* Begin PBXShellScriptBuildPhase section */
		2C8252B78BB8060801ED6BE5 /* [CP] Check Pods Manifest.lock */ = {
			isa = PBXShellScriptBuildPhase;
			buildActionMask = 2147483647;
			files = (
			);
			inputPaths = (
				"${PODS_PODFILE_DIR_PATH}/Podfile.lock",
				"${PODS_ROOT}/Manifest.lock",
			);
			name = "[CP] Check Pods Manifest.lock";
			outputPaths = (
				"$(DERIVED_FILE_DIR)/Pods-DouYUZB-checkManifestLockResult.txt",
			);
			runOnlyForDeploymentPostprocessing = 0;
			shellPath = /bin/sh;
			shellScript = "diff \"${PODS_PODFILE_DIR_PATH}/Podfile.lock\" \"${PODS_ROOT}/Manifest.lock\" > /dev/null\nif [ $? != 0 ] ; then\n    # print error to STDERR\n    echo \"error: The sandbox is not in sync with the Podfile.lock. Run 'pod install' or update your CocoaPods installation.\" >&2\n    exit 1\nfi\n# This output is used by Xcode 'outputs' to avoid re-running this script phase.\necho \"SUCCESS\" > \"${SCRIPT_OUTPUT_FILE_0}\"\n";
			showEnvVarsInLog = 0;
		};
		F302C6E6A8876FF8ECDB9055 /* [CP] Embed Pods Frameworks */ = {
			isa = PBXShellScriptBuildPhase;
			buildActionMask = 2147483647;
			files = (
			);
			inputPaths = (
				"${SRCROOT}/Pods/Target Support Files/Pods-DouYUZB/Pods-DouYUZB-frameworks.sh",
				"${BUILT_PRODUCTS_DIR}/Alamofire/Alamofire.framework",
				"${BUILT_PRODUCTS_DIR}/Kingfisher/Kingfisher.framework",
			);
			name = "[CP] Embed Pods Frameworks";
			outputPaths = (
				"${TARGET_BUILD_DIR}/${FRAMEWORKS_FOLDER_PATH}/Alamofire.framework",
				"${TARGET_BUILD_DIR}/${FRAMEWORKS_FOLDER_PATH}/Kingfisher.framework",
			);
			runOnlyForDeploymentPostprocessing = 0;
			shellPath = /bin/sh;
			shellScript = "\"${SRCROOT}/Pods/Target Support Files/Pods-DouYUZB/Pods-DouYUZB-frameworks.sh\"\n";
			showEnvVarsInLog = 0;
		};
/* End PBXShellScriptBuildPhase section */

/* Begin PBXSourcesBuildPhase section */
		DEC0482720B1C7870011FDF1 /* Sources */ = {
			isa = PBXSourcesBuildPhase;
			buildActionMask = 2147483647;
			files = (
				DEC0482F20B1C7870011FDF1 /* AppDelegate.swift in Sources */,
				DE29CF1D20E72CF2000C4CAF /* AnchorModel.swift in Sources */,
				DE29CF1520DFDDC3000C4CAF /* HomeCollectionViewPrettyCell.swift in Sources */,
				DE29CF0820C43B2F000C4CAF /* UIColor-Extension.swift in Sources */,
				DE29CF1F20E72F9E000C4CAF /* AnchorGroup.swift in Sources */,
				DE29CF0A20D77ADB000C4CAF /* RecommendViewController.swift in Sources */,
				DE29CEE520C03BBF000C4CAF /* MainViewController.swift in Sources */,
				DE29CF0220C3BE8A000C4CAF /* PageTitleView.swift in Sources */,
				DE29CF2320E8AFB9000C4CAF /* RecommendCycleView.swift in Sources */,
				DE29CF2120E7328D000C4CAF /* NSDate-Extension.swift in Sources */,
				DE29CF0620C43433000C4CAF /* PageContentView.swift in Sources */,
				DE29CF0D20DBF18C000C4CAF /* HomeCollectionHeaderView.swift in Sources */,
				DE29CF0020C059B0000C4CAF /* UIBarButtonItem-Extentsion.swift in Sources */,
				DE29CF1820E52C90000C4CAF /* NetworkUtils.swift in Sources */,
				DE29CF2720E8C4D5000C4CAF /* CycleModel.swift in Sources */,
				DE29CF0420C3BFCB000C4CAF /* Common.swift in Sources */,
				DE29CF2A20E8CEE1000C4CAF /* CycleCollectionCell.swift in Sources */,
				DE29CF1120DBFEA8000C4CAF /* HomeCollectionNormalCell.swift in Sources */,
				DE29CEFD20C05533000C4CAF /* HomeViewController.swift in Sources */,
				DE29CF1B20E539BA000C4CAF /* RecommendViewModel.swift in Sources */,
			);
			runOnlyForDeploymentPostprocessing = 0;
		};
/* End PBXSourcesBuildPhase section */

/* Begin PBXVariantGroup section */
		DEC0483220B1C7870011FDF1 /* Main.storyboard */ = {
			isa = PBXVariantGroup;
			children = (
				DEC0483320B1C7870011FDF1 /* Base */,
			);
			name = Main.storyboard;
			sourceTree = "<group>";
		};
		DEC0483720B1C7870011FDF1 /* LaunchScreen.storyboard */ = {
			isa = PBXVariantGroup;
			children = (
				DEC0483820B1C7870011FDF1 /* Base */,
			);
			name = LaunchScreen.storyboard;
			sourceTree = "<group>";
		};
/* End PBXVariantGroup section */

/* Begin XCBuildConfiguration section */
		DEC0483B20B1C7870011FDF1 /* Debug */ = {
			isa = XCBuildConfiguration;
			buildSettings = {
				ALWAYS_SEARCH_USER_PATHS = NO;
				CLANG_ANALYZER_NONNULL = YES;
				CLANG_ANALYZER_NUMBER_OBJECT_CONVERSION = YES_AGGRESSIVE;
				CLANG_CXX_LANGUAGE_STANDARD = "gnu++0x";
				CLANG_CXX_LIBRARY = "libc++";
				CLANG_ENABLE_MODULES = YES;
				CLANG_ENABLE_OBJC_ARC = YES;
				CLANG_WARN_BLOCK_CAPTURE_AUTORELEASING = YES;
				CLANG_WARN_BOOL_CONVERSION = YES;
				CLANG_WARN_COMMA = YES;
				CLANG_WARN_CONSTANT_CONVERSION = YES;
				CLANG_WARN_DEPRECATED_OBJC_IMPLEMENTATIONS = YES;
				CLANG_WARN_DIRECT_OBJC_ISA_USAGE = YES_ERROR;
				CLANG_WARN_DOCUMENTATION_COMMENTS = YES;
				CLANG_WARN_EMPTY_BODY = YES;
				CLANG_WARN_ENUM_CONVERSION = YES;
				CLANG_WARN_INFINITE_RECURSION = YES;
				CLANG_WARN_INT_CONVERSION = YES;
				CLANG_WARN_NON_LITERAL_NULL_CONVERSION = YES;
				CLANG_WARN_OBJC_IMPLICIT_RETAIN_SELF = YES;
				CLANG_WARN_OBJC_LITERAL_CONVERSION = YES;
				CLANG_WARN_OBJC_ROOT_CLASS = YES_ERROR;
				CLANG_WARN_RANGE_LOOP_ANALYSIS = YES;
				CLANG_WARN_STRICT_PROTOTYPES = YES;
				CLANG_WARN_SUSPICIOUS_MOVE = YES;
				CLANG_WARN_UNREACHABLE_CODE = YES;
				CLANG_WARN__DUPLICATE_METHOD_MATCH = YES;
				"CODE_SIGN_IDENTITY[sdk=iphoneos*]" = "iPhone Developer";
				COPY_PHASE_STRIP = NO;
				DEBUG_INFORMATION_FORMAT = dwarf;
				ENABLE_STRICT_OBJC_MSGSEND = YES;
				ENABLE_TESTABILITY = YES;
				GCC_C_LANGUAGE_STANDARD = gnu99;
				GCC_DYNAMIC_NO_PIC = NO;
				GCC_NO_COMMON_BLOCKS = YES;
				GCC_OPTIMIZATION_LEVEL = 0;
				GCC_PREPROCESSOR_DEFINITIONS = (
					"DEBUG=1",
					"$(inherited)",
				);
				GCC_WARN_64_TO_32_BIT_CONVERSION = YES;
				GCC_WARN_ABOUT_RETURN_TYPE = YES_ERROR;
				GCC_WARN_UNDECLARED_SELECTOR = YES;
				GCC_WARN_UNINITIALIZED_AUTOS = YES_AGGRESSIVE;
				GCC_WARN_UNUSED_FUNCTION = YES;
				GCC_WARN_UNUSED_VARIABLE = YES;
				IPHONEOS_DEPLOYMENT_TARGET = 10.3;
				MTL_ENABLE_DEBUG_INFO = YES;
				ONLY_ACTIVE_ARCH = YES;
				SDKROOT = iphoneos;
				SWIFT_ACTIVE_COMPILATION_CONDITIONS = DEBUG;
				SWIFT_OPTIMIZATION_LEVEL = "-Onone";
			};
			name = Debug;
		};
		DEC0483C20B1C7870011FDF1 /* Release */ = {
			isa = XCBuildConfiguration;
			buildSettings = {
				ALWAYS_SEARCH_USER_PATHS = NO;
				CLANG_ANALYZER_NONNULL = YES;
				CLANG_ANALYZER_NUMBER_OBJECT_CONVERSION = YES_AGGRESSIVE;
				CLANG_CXX_LANGUAGE_STANDARD = "gnu++0x";
				CLANG_CXX_LIBRARY = "libc++";
				CLANG_ENABLE_MODULES = YES;
				CLANG_ENABLE_OBJC_ARC = YES;
				CLANG_WARN_BLOCK_CAPTURE_AUTORELEASING = YES;
				CLANG_WARN_BOOL_CONVERSION = YES;
				CLANG_WARN_COMMA = YES;
				CLANG_WARN_CONSTANT_CONVERSION = YES;
				CLANG_WARN_DEPRECATED_OBJC_IMPLEMENTATIONS = YES;
				CLANG_WARN_DIRECT_OBJC_ISA_USAGE = YES_ERROR;
				CLANG_WARN_DOCUMENTATION_COMMENTS = YES;
				CLANG_WARN_EMPTY_BODY = YES;
				CLANG_WARN_ENUM_CONVERSION = YES;
				CLANG_WARN_INFINITE_RECURSION = YES;
				CLANG_WARN_INT_CONVERSION = YES;
				CLANG_WARN_NON_LITERAL_NULL_CONVERSION = YES;
				CLANG_WARN_OBJC_IMPLICIT_RETAIN_SELF = YES;
				CLANG_WARN_OBJC_LITERAL_CONVERSION = YES;
				CLANG_WARN_OBJC_ROOT_CLASS = YES_ERROR;
				CLANG_WARN_RANGE_LOOP_ANALYSIS = YES;
				CLANG_WARN_STRICT_PROTOTYPES = YES;
				CLANG_WARN_SUSPICIOUS_MOVE = YES;
				CLANG_WARN_UNREACHABLE_CODE = YES;
				CLANG_WARN__DUPLICATE_METHOD_MATCH = YES;
				"CODE_SIGN_IDENTITY[sdk=iphoneos*]" = "iPhone Developer";
				COPY_PHASE_STRIP = NO;
				DEBUG_INFORMATION_FORMAT = "dwarf-with-dsym";
				ENABLE_NS_ASSERTIONS = NO;
				ENABLE_STRICT_OBJC_MSGSEND = YES;
				GCC_C_LANGUAGE_STANDARD = gnu99;
				GCC_NO_COMMON_BLOCKS = YES;
				GCC_WARN_64_TO_32_BIT_CONVERSION = YES;
				GCC_WARN_ABOUT_RETURN_TYPE = YES_ERROR;
				GCC_WARN_UNDECLARED_SELECTOR = YES;
				GCC_WARN_UNINITIALIZED_AUTOS = YES_AGGRESSIVE;
				GCC_WARN_UNUSED_FUNCTION = YES;
				GCC_WARN_UNUSED_VARIABLE = YES;
				IPHONEOS_DEPLOYMENT_TARGET = 10.3;
				MTL_ENABLE_DEBUG_INFO = NO;
				SDKROOT = iphoneos;
				SWIFT_OPTIMIZATION_LEVEL = "-Owholemodule";
				VALIDATE_PRODUCT = YES;
			};
			name = Release;
		};
		DEC0483E20B1C7870011FDF1 /* Debug */ = {
			isa = XCBuildConfiguration;
			baseConfigurationReference = 81B5592A2D366ADE36DD9174 /* Pods-DouYUZB.debug.xcconfig */;
			buildSettings = {
				ASSETCATALOG_COMPILER_APPICON_NAME = AppIcon;
				ASSETCATALOG_COMPILER_LAUNCHIMAGE_NAME = LaunchImage;
				INFOPLIST_FILE = DouYUZB/Info.plist;
				IPHONEOS_DEPLOYMENT_TARGET = 11.3;
				LD_RUNPATH_SEARCH_PATHS = "$(inherited) @executable_path/Frameworks";
				PRODUCT_BUNDLE_IDENTIFIER = com.mxm.DouYUZB;
				PRODUCT_NAME = "$(TARGET_NAME)";
				SWIFT_SWIFT3_OBJC_INFERENCE = On;
				SWIFT_VERSION = 4.0;
			};
			name = Debug;
		};
		DEC0483F20B1C7870011FDF1 /* Release */ = {
			isa = XCBuildConfiguration;
			baseConfigurationReference = 2731EB0FA739CF91BE6429F9 /* Pods-DouYUZB.release.xcconfig */;
			buildSettings = {
				ASSETCATALOG_COMPILER_APPICON_NAME = AppIcon;
				ASSETCATALOG_COMPILER_LAUNCHIMAGE_NAME = LaunchImage;
				INFOPLIST_FILE = DouYUZB/Info.plist;
				IPHONEOS_DEPLOYMENT_TARGET = 11.3;
				LD_RUNPATH_SEARCH_PATHS = "$(inherited) @executable_path/Frameworks";
				PRODUCT_BUNDLE_IDENTIFIER = com.mxm.DouYUZB;
				PRODUCT_NAME = "$(TARGET_NAME)";
				SWIFT_SWIFT3_OBJC_INFERENCE = On;
				SWIFT_VERSION = 4.0;
			};
			name = Release;
		};
/* End XCBuildConfiguration section */

/* Begin XCConfigurationList section */
		DEC0482620B1C7870011FDF1 /* Build configuration list for PBXProject "DouYUZB" */ = {
			isa = XCConfigurationList;
			buildConfigurations = (
				DEC0483B20B1C7870011FDF1 /* Debug */,
				DEC0483C20B1C7870011FDF1 /* Release */,
			);
			defaultConfigurationIsVisible = 0;
			defaultConfigurationName = Release;
		};
		DEC0483D20B1C7870011FDF1 /* Build configuration list for PBXNativeTarget "DouYUZB" */ = {
			isa = XCConfigurationList;
			buildConfigurations = (
				DEC0483E20B1C7870011FDF1 /* Debug */,
				DEC0483F20B1C7870011FDF1 /* Release */,
			);
			defaultConfigurationIsVisible = 0;
			defaultConfigurationName = Release;
		};
/* End XCConfigurationList section */
	};
	rootObject = DEC0482320B1C7870011FDF1 /* Project object */;
}
